{
    "_readme": [
        "This file locks the dependencies of your project to a known state",
        "Read more about it at https://getcomposer.org/doc/01-basic-usage.md#installing-dependencies",
        "This file is @generated automatically"
    ],
    "content-hash": "0dc0cb9ea9a3cdb2bccec73fc4a5d95f",
    "packages": [
        {
            "name": "zendframework/zend-escaper",
            "version": "2.6.0",
            "source": {
                "type": "git",
                "url": "https://github.com/zendframework/zend-escaper.git",
                "reference": "31d8aafae982f9568287cb4dce987e6aff8fd074"
            },
            "dist": {
                "type": "zip",
                "url": "https://api.github.com/repos/zendframework/zend-escaper/zipball/31d8aafae982f9568287cb4dce987e6aff8fd074",
                "reference": "31d8aafae982f9568287cb4dce987e6aff8fd074",
                "shasum": ""
            },
            "require": {
                "php": "^5.6 || ^7.0"
            },
            "require-dev": {
                "phpunit/phpunit": "^5.7.27 || ^6.5.8 || ^7.1.2",
                "zendframework/zend-coding-standard": "~1.0.0"
            },
            "type": "library",
            "extra": {
                "branch-alias": {
                    "dev-master": "2.6.x-dev",
                    "dev-develop": "2.7.x-dev"
                }
            },
            "autoload": {
                "psr-4": {
                    "Zend\\Escaper\\": "src/"
                }
            },
            "notification-url": "https://packagist.org/downloads/",
            "license": [
                "BSD-3-Clause"
            ],
            "description": "Securely and safely escape HTML, HTML attributes, JavaScript, CSS, and URLs",
            "keywords": [
                "ZendFramework",
                "escaper",
                "zf"
            ],
            "time": "2018-04-25T15:48:53+00:00"
        },
        {
            "name": "zendframework/zend-feed",
            "version": "2.12.0",
            "source": {
                "type": "git",
                "url": "https://github.com/zendframework/zend-feed.git",
                "reference": "d926c5af34b93a0121d5e2641af34ddb1533d733"
            },
            "dist": {
                "type": "zip",
                "url": "https://api.github.com/repos/zendframework/zend-feed/zipball/d926c5af34b93a0121d5e2641af34ddb1533d733",
                "reference": "d926c5af34b93a0121d5e2641af34ddb1533d733",
                "shasum": ""
            },
            "require": {
                "ext-dom": "*",
                "ext-libxml": "*",
                "php": "^5.6 || ^7.0",
                "zendframework/zend-escaper": "^2.5.2",
                "zendframework/zend-stdlib": "^3.2.1"
            },
            "require-dev": {
                "phpunit/phpunit": "^5.7.23 || ^6.4.3",
                "psr/http-message": "^1.0.1",
                "zendframework/zend-cache": "^2.7.2",
                "zendframework/zend-coding-standard": "~1.0.0",
                "zendframework/zend-db": "^2.8.2",
                "zendframework/zend-http": "^2.7",
                "zendframework/zend-servicemanager": "^2.7.8 || ^3.3",
                "zendframework/zend-validator": "^2.10.1"
            },
            "suggest": {
                "psr/http-message": "PSR-7 ^1.0.1, if you wish to use Zend\\Feed\\Reader\\Http\\Psr7ResponseDecorator",
                "zendframework/zend-cache": "Zend\\Cache component, for optionally caching feeds between requests",
                "zendframework/zend-db": "Zend\\Db component, for use with PubSubHubbub",
                "zendframework/zend-http": "Zend\\Http for PubSubHubbub, and optionally for use with Zend\\Feed\\Reader",
                "zendframework/zend-servicemanager": "Zend\\ServiceManager component, for easily extending ExtensionManager implementations",
                "zendframework/zend-validator": "Zend\\Validator component, for validating email addresses used in Atom feeds and entries when using the Writer subcomponent"
            },
            "type": "library",
            "extra": {
                "branch-alias": {
                    "dev-master": "2.12.x-dev",
                    "dev-develop": "2.13.x-dev"
                }
            },
            "autoload": {
                "psr-4": {
                    "Zend\\Feed\\": "src/"
                }
            },
            "notification-url": "https://packagist.org/downloads/",
            "license": [
                "BSD-3-Clause"
            ],
            "description": "provides functionality for consuming RSS and Atom feeds",
            "keywords": [
                "ZendFramework",
                "feed",
                "zf"
            ],
            "time": "2019-03-05T20:08:49+00:00"
        },
        {
            "name": "zendframework/zend-stdlib",
            "version": "3.2.1",
            "source": {
                "type": "git",
                "url": "https://github.com/zendframework/zend-stdlib.git",
                "reference": "66536006722aff9e62d1b331025089b7ec71c065"
            },
            "dist": {
                "type": "zip",
                "url": "https://api.github.com/repos/zendframework/zend-stdlib/zipball/66536006722aff9e62d1b331025089b7ec71c065",
                "reference": "66536006722aff9e62d1b331025089b7ec71c065",
                "shasum": ""
            },
            "require": {
                "php": "^5.6 || ^7.0"
            },
            "require-dev": {
                "phpbench/phpbench": "^0.13",
                "phpunit/phpunit": "^5.7.27 || ^6.5.8 || ^7.1.2",
                "zendframework/zend-coding-standard": "~1.0.0"
            },
            "type": "library",
            "extra": {
                "branch-alias": {
                    "dev-master": "3.2.x-dev",
                    "dev-develop": "3.3.x-dev"
                }
            },
            "autoload": {
                "psr-4": {
                    "Zend\\Stdlib\\": "src/"
                }
            },
            "notification-url": "https://packagist.org/downloads/",
            "license": [
                "BSD-3-Clause"
            ],
            "description": "SPL extensions, array utilities, error handlers, and more",
            "keywords": [
                "ZendFramework",
                "stdlib",
                "zf"
            ],
            "time": "2018-08-28T21:34:05+00:00"
        }
    ],
    "packages-dev": [],
    "aliases": [],
    "minimum-stability": "stable",
    "stability-flags": [],
    "prefer-stable": false,
    "prefer-lowest": false,
    "platform": [],
    "platform-dev": []
}
